
Microsoft Visual Studio Solution File, Format Version 12.00
# Visual Studio Version 17
VisualStudioVersion = 17.3.32901.215
MinimumVisualStudioVersion = 10.0.40219.1
Project("{9A19103F-16F7-4668-BE54-9A1E7A4F7556}") = "Domain", "src\Domain\Domain.csproj", "{27C0DB67-94AE-4720-B63D-66E486E5596D}"
EndProject
Project("{9A19103F-16F7-4668-BE54-9A1E7A4F7556}") = "Application", "src\Application\Application.csproj", "{9AE7D258-1B72-4028-A982-5BF0EBD32BAB}"
EndProject
Project("{2150E333-8FDC-42A3-9474-1A3956D46DE8}") = "Solution Items", "Solution Items", "{AB9C9DE6-C390-429B-8CDE-463B10A681CF}"
	ProjectSection(SolutionItems) = preProject
		.editorconfig = .editorconfig
		csharpclient.nt = csharpclient.nt
		README.md = README.md
	EndProjectSection
EndProject
Project("{9A19103F-16F7-4668-BE54-9A1E7A4F7556}") = "Bricks", "src\Bricks\Bricks.csproj", "{D23E0A4F-CDA6-464E-A052-94D6E0B170D3}"
EndProject
Project("{9A19103F-16F7-4668-BE54-9A1E7A4F7556}") = "Terminal", "src\Terminal\Terminal.csproj", "{AA78D951-8EA1-4431-8FDB-B03D1DB98FF6}"
EndProject
Project("{9A19103F-16F7-4668-BE54-9A1E7A4F7556}") = "Infrastructure", "src\Infrastructure\Infrastructure.csproj", "{F947495B-78D1-4185-ADBF-3A65A65EE39F}"
EndProject
Project("{2150E333-8FDC-42A3-9474-1A3956D46DE8}") = "Common", "Common", "{087DB053-A624-4DFA-A3EC-287D7657FF12}"
EndProject
Project("{9A19103F-16F7-4668-BE54-9A1E7A4F7556}") = "Api", "src\Api\Api.csproj", "{3C0F09E8-7377-4FCE-BCB8-0FB518A8AC49}"
EndProject
Global
	GlobalSection(SolutionConfigurationPlatforms) = preSolution
		Debug|Any CPU = Debug|Any CPU
		Release|Any CPU = Release|Any CPU
	EndGlobalSection
	GlobalSection(ProjectConfigurationPlatforms) = postSolution
		{27C0DB67-94AE-4720-B63D-66E486E5596D}.Debug|Any CPU.ActiveCfg = Debug|Any CPU
		{27C0DB67-94AE-4720-B63D-66E486E5596D}.Debug|Any CPU.Build.0 = Debug|Any CPU
		{27C0DB67-94AE-4720-B63D-66E486E5596D}.Release|Any CPU.ActiveCfg = Release|Any CPU
		{27C0DB67-94AE-4720-B63D-66E486E5596D}.Release|Any CPU.Build.0 = Release|Any CPU
		{9AE7D258-1B72-4028-A982-5BF0EBD32BAB}.Debug|Any CPU.ActiveCfg = Debug|Any CPU
		{9AE7D258-1B72-4028-A982-5BF0EBD32BAB}.Debug|Any CPU.Build.0 = Debug|Any CPU
		{9AE7D258-1B72-4028-A982-5BF0EBD32BAB}.Release|Any CPU.ActiveCfg = Release|Any CPU
		{9AE7D258-1B72-4028-A982-5BF0EBD32BAB}.Release|Any CPU.Build.0 = Release|Any CPU
		{D23E0A4F-CDA6-464E-A052-94D6E0B170D3}.Debug|Any CPU.ActiveCfg = Debug|Any CPU
		{D23E0A4F-CDA6-464E-A052-94D6E0B170D3}.Debug|Any CPU.Build.0 = Debug|Any CPU
		{D23E0A4F-CDA6-464E-A052-94D6E0B170D3}.Release|Any CPU.ActiveCfg = Release|Any CPU
		{D23E0A4F-CDA6-464E-A052-94D6E0B170D3}.Release|Any CPU.Build.0 = Release|Any CPU
		{AA78D951-8EA1-4431-8FDB-B03D1DB98FF6}.Debug|Any CPU.ActiveCfg = Debug|Any CPU
		{AA78D951-8EA1-4431-8FDB-B03D1DB98FF6}.Debug|Any CPU.Build.0 = Debug|Any CPU
		{AA78D951-8EA1-4431-8FDB-B03D1DB98FF6}.Release|Any CPU.ActiveCfg = Release|Any CPU
		{AA78D951-8EA1-4431-8FDB-B03D1DB98FF6}.Release|Any CPU.Build.0 = Release|Any CPU
		{F947495B-78D1-4185-ADBF-3A65A65EE39F}.Debug|Any CPU.ActiveCfg = Debug|Any CPU
		{F947495B-78D1-4185-ADBF-3A65A65EE39F}.Debug|Any CPU.Build.0 = Debug|Any CPU
		{F947495B-78D1-4185-ADBF-3A65A65EE39F}.Release|Any CPU.ActiveCfg = Release|Any CPU
		{F947495B-78D1-4185-ADBF-3A65A65EE39F}.Release|Any CPU.Build.0 = Release|Any CPU
		{3C0F09E8-7377-4FCE-BCB8-0FB518A8AC49}.Debug|Any CPU.ActiveCfg = Debug|Any CPU
		{3C0F09E8-7377-4FCE-BCB8-0FB518A8AC49}.Debug|Any CPU.Build.0 = Debug|Any CPU
		{3C0F09E8-7377-4FCE-BCB8-0FB518A8AC49}.Release|Any CPU.ActiveCfg = Release|Any CPU
		{3C0F09E8-7377-4FCE-BCB8-0FB518A8AC49}.Release|Any CPU.Build.0 = Release|Any CPU
	EndGlobalSection
	GlobalSection(SolutionProperties) = preSolution
		HideSolutionNode = FALSE
	EndGlobalSection
	GlobalSection(NestedProjects) = preSolution
		{D23E0A4F-CDA6-464E-A052-94D6E0B170D3} = {087DB053-A624-4DFA-A3EC-287D7657FF12}
	EndGlobalSection
	GlobalSection(ExtensibilityGlobals) = postSolution
		SolutionGuid = {EA31C496-64A2-4E2B-BAC3-FD538E92D93D}
	EndGlobalSection
EndGlobal
