
Microsoft Visual Studio Solution File, Format Version 12.00
# Visual Studio Version 16
VisualStudioVersion = 16.0.30803.129
MinimumVisualStudioVersion = 10.0.40219.1
Project("{9A19103F-16F7-4668-BE54-9A1E7A4F7556}") = "MyApp.Domain", "MyApp.Domain\MyApp.Domain.csproj", "{27C0DB67-94AE-4720-B63D-66E486E5596D}"
EndProject
Project("{9A19103F-16F7-4668-BE54-9A1E7A4F7556}") = "MyApp.Application", "MyApp.Application\MyApp.Application.csproj", "{9AE7D258-1B72-4028-A982-5BF0EBD32BAB}"
EndProject
Project("{9A19103F-16F7-4668-BE54-9A1E7A4F7556}") = "MyApp.Application.Bootstrapper", "MyApp.Application.Bootstrapper\MyApp.Application.Bootstrapper.csproj", "{43534A90-0FF2-4EDD-9444-D08D9F6A8491}"
EndProject
Project("{9A19103F-16F7-4668-BE54-9A1E7A4F7556}") = "MyApp.ReadModel", "MyApp.ReadModel\MyApp.ReadModel.csproj", "{42A32898-DFA0-43A3-ADCC-4D3B3B3970A3}"
EndProject
Project("{9A19103F-16F7-4668-BE54-9A1E7A4F7556}") = "MyApp.Site", "MyApp.Site\MyApp.Site.csproj", "{CCB8424A-6E9E-490A-A63D-C10274CE09B9}"
EndProject
Project("{2150E333-8FDC-42A3-9474-1A3956D46DE8}") = "Solution Items", "Solution Items", "{AB9C9DE6-C390-429B-8CDE-463B10A681CF}"
	ProjectSection(SolutionItems) = preProject
		.editorconfig = .editorconfig
		..\README.md = ..\README.md
	EndProjectSection
EndProject
Global
	GlobalSection(SolutionConfigurationPlatforms) = preSolution
		Debug|Any CPU = Debug|Any CPU
		Release|Any CPU = Release|Any CPU
	EndGlobalSection
	GlobalSection(ProjectConfigurationPlatforms) = postSolution
		{27C0DB67-94AE-4720-B63D-66E486E5596D}.Debug|Any CPU.ActiveCfg = Debug|Any CPU
		{27C0DB67-94AE-4720-B63D-66E486E5596D}.Debug|Any CPU.Build.0 = Debug|Any CPU
		{27C0DB67-94AE-4720-B63D-66E486E5596D}.Release|Any CPU.ActiveCfg = Release|Any CPU
		{27C0DB67-94AE-4720-B63D-66E486E5596D}.Release|Any CPU.Build.0 = Release|Any CPU
		{9AE7D258-1B72-4028-A982-5BF0EBD32BAB}.Debug|Any CPU.ActiveCfg = Debug|Any CPU
		{9AE7D258-1B72-4028-A982-5BF0EBD32BAB}.Debug|Any CPU.Build.0 = Debug|Any CPU
		{9AE7D258-1B72-4028-A982-5BF0EBD32BAB}.Release|Any CPU.ActiveCfg = Release|Any CPU
		{9AE7D258-1B72-4028-A982-5BF0EBD32BAB}.Release|Any CPU.Build.0 = Release|Any CPU
		{43534A90-0FF2-4EDD-9444-D08D9F6A8491}.Debug|Any CPU.ActiveCfg = Debug|Any CPU
		{43534A90-0FF2-4EDD-9444-D08D9F6A8491}.Debug|Any CPU.Build.0 = Debug|Any CPU
		{43534A90-0FF2-4EDD-9444-D08D9F6A8491}.Release|Any CPU.ActiveCfg = Release|Any CPU
		{43534A90-0FF2-4EDD-9444-D08D9F6A8491}.Release|Any CPU.Build.0 = Release|Any CPU
		{42A32898-DFA0-43A3-ADCC-4D3B3B3970A3}.Debug|Any CPU.ActiveCfg = Debug|Any CPU
		{42A32898-DFA0-43A3-ADCC-4D3B3B3970A3}.Debug|Any CPU.Build.0 = Debug|Any CPU
		{42A32898-DFA0-43A3-ADCC-4D3B3B3970A3}.Release|Any CPU.ActiveCfg = Release|Any CPU
		{42A32898-DFA0-43A3-ADCC-4D3B3B3970A3}.Release|Any CPU.Build.0 = Release|Any CPU
		{CCB8424A-6E9E-490A-A63D-C10274CE09B9}.Debug|Any CPU.ActiveCfg = Debug|Any CPU
		{CCB8424A-6E9E-490A-A63D-C10274CE09B9}.Debug|Any CPU.Build.0 = Debug|Any CPU
		{CCB8424A-6E9E-490A-A63D-C10274CE09B9}.Release|Any CPU.ActiveCfg = Release|Any CPU
		{CCB8424A-6E9E-490A-A63D-C10274CE09B9}.Release|Any CPU.Build.0 = Release|Any CPU
	EndGlobalSection
	GlobalSection(SolutionProperties) = preSolution
		HideSolutionNode = FALSE
	EndGlobalSection
	GlobalSection(ExtensibilityGlobals) = postSolution
		SolutionGuid = {EA31C496-64A2-4E2B-BAC3-FD538E92D93D}
	EndGlobalSection
EndGlobal
